// !$*UTF8*$!
{
	archiveVersion = 1;
	classes = {
	};
	objectVersion = 56;
	objects = {

/* Begin PBXBuildFile section */
		90D1EE442B38436C00B30A7A /* AppDelegate.swift in Sources */ = {isa = PBXBuildFile; fileRef = 90D1EE432B38436C00B30A7A /* AppDelegate.swift */; };
		90D1EE462B38436C00B30A7A /* SceneDelegate.swift in Sources */ = {isa = PBXBuildFile; fileRef = 90D1EE452B38436C00B30A7A /* SceneDelegate.swift */; };
		90D1EE482B38436C00B30A7A /* ViewController.swift in Sources */ = {isa = PBXBuildFile; fileRef = 90D1EE472B38436C00B30A7A /* ViewController.swift */; };
		90D1EE4B2B38436C00B30A7A /* Main.storyboard in Resources */ = {isa = PBXBuildFile; fileRef = 90D1EE492B38436C00B30A7A /* Main.storyboard */; };
		90D1EE4D2B38436F00B30A7A /* Assets.xcassets in Resources */ = {isa = PBXBuildFile; fileRef = 90D1EE4C2B38436F00B30A7A /* Assets.xcassets */; };
		90D1EE502B38436F00B30A7A /* LaunchScreen.storyboard in Resources */ = {isa = PBXBuildFile; fileRef = 90D1EE4E2B38436F00B30A7A /* LaunchScreen.storyboard */; };
		90D1EE5B2B38436F00B30A7A /* SwiftAppTests.swift in Sources */ = {isa = PBXBuildFile; fileRef = 90D1EE5A2B38436F00B30A7A /* SwiftAppTests.swift */; };
		90D1EE652B38436F00B30A7A /* SwiftAppUITests.swift in Sources */ = {isa = PBXBuildFile; fileRef = 90D1EE642B38436F00B30A7A /* SwiftAppUITests.swift */; };
		90D1EE672B38436F00B30A7A /* SwiftAppUITestsLaunchTests.swift in Sources */ = {isa = PBXBuildFile; fileRef = 90D1EE662B38436F00B30A7A /* SwiftAppUITestsLaunchTests.swift */; };
/* End PBXBuildFile section */

/* Begin PBXContainerItemProxy section */
		90D1EE572B38436F00B30A7A /* PBXContainerItemProxy */ = {
			isa = PBXContainerItemProxy;
			containerPortal = 90D1EE382B38436C00B30A7A /* Project object */;
			proxyType = 1;
			remoteGlobalIDString = 90D1EE3F2B38436C00B30A7A;
			remoteInfo = SwiftApp;
		};
		90D1EE612B38436F00B30A7A /* PBXContainerItemProxy */ = {
			isa = PBXContainerItemProxy;
			containerPortal = 90D1EE382B38436C00B30A7A /* Project object */;
			proxyType = 1;
			remoteGlobalIDString = 90D1EE3F2B38436C00B30A7A;
			remoteInfo = SwiftApp;
		};
/* End PBXContainerItemProxy section */

/* Begin PBXFileReference section */
		90D1EE402B38436C00B30A7A /* SwiftApp.app */ = {isa = PBXFileReference; explicitFileType = wrapper.application; includeInIndex = 0; path = SwiftApp.app; sourceTree = BUILT_PRODUCTS_DIR; };
		90D1EE432B38436C00B30A7A /* AppDelegate.swift */ = {isa = PBXFileReference; lastKnownFileType = sourcecode.swift; path = AppDelegate.swift; sourceTree = "<group>"; };
		90D1EE452B38436C00B30A7A /* SceneDelegate.swift */ = {isa = PBXFileReference; lastKnownFileType = sourcecode.swift; path = SceneDelegate.swift; sourceTree = "<group>"; };
		90D1EE472B38436C00B30A7A /* ViewController.swift */ = {isa = PBXFileReference; lastKnownFileType = sourcecode.swift; path = ViewController.swift; sourceTree = "<group>"; };
		90D1EE4A2B38436C00B30A7A /* Base */ = {isa = PBXFileReference; lastKnownFileType = file.storyboard; name = Base; path = Base.lproj/Main.storyboard; sourceTree = "<group>"; };
		90D1EE4C2B38436F00B30A7A /* Assets.xcassets */ = {isa = PBXFileReference; lastKnownFileType = folder.assetcatalog; path = Assets.xcassets; sourceTree = "<group>"; };
		90D1EE4F2B38436F00B30A7A /* Base */ = {isa = PBXFileReference; lastKnownFileType = file.storyboard; name = Base; path = Base.lproj/LaunchScreen.storyboard; sourceTree = "<group>"; };
		90D1EE512B38436F00B30A7A /* Info.plist */ = {isa = PBXFileReference; lastKnownFileType = text.plist.xml; path = Info.plist; sourceTree = "<group>"; };
		90D1EE562B38436F00B30A7A /* SwiftAppTests.xctest */ = {isa = PBXFileReference; explicitFileType = wrapper.cfbundle; includeInIndex = 0; path = SwiftAppTests.xctest; sourceTree = BUILT_PRODUCTS_DIR; };
		90D1EE5A2B38436F00B30A7A /* SwiftAppTests.swift */ = {isa = PBXFileReference; lastKnownFileType = sourcecode.swift; path = SwiftAppTests.swift; sourceTree = "<group>"; };
		90D1EE602B38436F00B30A7A /* SwiftAppUITests.xctest */ = {isa = PBXFileReference; explicitFileType = wrapper.cfbundle; includeInIndex = 0; path = SwiftAppUITests.xctest; sourceTree = BUILT_PRODUCTS_DIR; };
		90D1EE642B38436F00B30A7A /* SwiftAppUITests.swift */ = {isa = PBXFileReference; lastKnownFileType = sourcecode.swift; path = SwiftAppUITests.swift; sourceTree = "<group>"; };
		90D1EE662B38436F00B30A7A /* SwiftAppUITestsLaunchTests.swift */ = {isa = PBXFileReference; lastKnownFileType = sourcecode.swift; path = SwiftAppUITestsLaunchTests.swift; sourceTree = "<group>"; };
/* End PBXFileReference section */

/* Begin PBXFrameworksBuildPhase section */
		90D1EE3D2B38436C00B30A7A /* Frameworks */ = {
			isa = PBXFrameworksBuildPhase;
			buildActionMask = 2147483647;
			files = (
			);
			runOnlyForDeploymentPostprocessing = 0;
		};
		90D1EE532B38436F00B30A7A /* Frameworks */ = {
			isa = PBXFrameworksBuildPhase;
			buildActionMask = 2147483647;
			files = (
			);
			runOnlyForDeploymentPostprocessing = 0;
		};
		90D1EE5D2B38436F00B30A7A /* Frameworks */ = {
			isa = PBXFrameworksBuildPhase;
			buildActionMask = 2147483647;
			files = (
			);
			runOnlyForDeploymentPostprocessing = 0;
		};
/* End PBXFrameworksBuildPhase section */

/* Begin PBXGroup section */
		90D1EE372B38436C00B30A7A = {
			isa = PBXGroup;
			children = (
				90D1EE422B38436C00B30A7A /* SwiftApp */,
				90D1EE592B38436F00B30A7A /* SwiftAppTests */,
				90D1EE632B38436F00B30A7A /* SwiftAppUITests */,
				90D1EE412B38436C00B30A7A /* Products */,
			);
			sourceTree = "<group>";
		};
		90D1EE412B38436C00B30A7A /* Products */ = {
			isa = PBXGroup;
			children = (
				90D1EE402B38436C00B30A7A /* SwiftApp.app */,
				90D1EE562B38436F00B30A7A /* SwiftAppTests.xctest */,
				90D1EE602B38436F00B30A7A /* SwiftAppUITests.xctest */,
			);
			name = Products;
			sourceTree = "<group>";
		};
		90D1EE422B38436C00B30A7A /* SwiftApp */ = {
			isa = PBXGroup;
			children = (
				90D1EE432B38436C00B30A7A /* AppDelegate.swift */,
				90D1EE452B38436C00B30A7A /* SceneDelegate.swift */,
				90D1EE472B38436C00B30A7A /* ViewController.swift */,
				90D1EE492B38436C00B30A7A /* Main.storyboard */,
				90D1EE4C2B38436F00B30A7A /* Assets.xcassets */,
				90D1EE4E2B38436F00B30A7A /* LaunchScreen.storyboard */,
				90D1EE512B38436F00B30A7A /* Info.plist */,
			);
			path = SwiftApp;
			sourceTree = "<group>";
		};
		90D1EE592B38436F00B30A7A /* SwiftAppTests */ = {
			isa = PBXGroup;
			children = (
				90D1EE5A2B38436F00B30A7A /* SwiftAppTests.swift */,
			);
			path = SwiftAppTests;
			sourceTree = "<group>";
		};
		90D1EE632B38436F00B30A7A /* SwiftAppUITests */ = {
			isa = PBXGroup;
			children = (
				90D1EE642B38436F00B30A7A /* SwiftAppUITests.swift */,
				90D1EE662B38436F00B30A7A /* SwiftAppUITestsLaunchTests.swift */,
			);
			path = SwiftAppUITests;
			sourceTree = "<group>";
		};
/* End PBXGroup section */

/* Begin PBXNativeTarget section */
		90D1EE3F2B38436C00B30A7A /* SwiftApp */ = {
			isa = PBXNativeTarget;
			buildConfigurationList = 90D1EE6A2B38436F00B30A7A /* Build configuration list for PBXNativeTarget "SwiftApp" */;
			buildPhases = (
				90D1EE3C2B38436C00B30A7A /* Sources */,
				90D1EE3D2B38436C00B30A7A /* Frameworks */,
				90D1EE3E2B38436C00B30A7A /* Resources */,
			);
			buildRules = (
			);
			dependencies = (
			);
			name = SwiftApp;
			productName = SwiftApp;
			productReference = 90D1EE402B38436C00B30A7A /* SwiftApp.app */;
			productType = "com.apple.product-type.application";
		};
		90D1EE552B38436F00B30A7A /* SwiftAppTests */ = {
			isa = PBXNativeTarget;
			buildConfigurationList = 90D1EE6D2B38436F00B30A7A /* Build configuration list for PBXNativeTarget "SwiftAppTests" */;
			buildPhases = (
				90D1EE522B38436F00B30A7A /* Sources */,
				90D1EE532B38436F00B30A7A /* Frameworks */,
				90D1EE542B38436F00B30A7A /* Resources */,
			);
			buildRules = (
			);
			dependencies = (
				90D1EE582B38436F00B30A7A /* PBXTargetDependency */,
			);
			name = SwiftAppTests;
			productName = SwiftAppTests;
			productReference = 90D1EE562B38436F00B30A7A /* SwiftAppTests.xctest */;
			productType = "com.apple.product-type.bundle.unit-test";
		};
		90D1EE5F2B38436F00B30A7A /* SwiftAppUITests */ = {
			isa = PBXNativeTarget;
			buildConfigurationList = 90D1EE702B38436F00B30A7A /* Build configuration list for PBXNativeTarget "SwiftAppUITests" */;
			buildPhases = (
				90D1EE5C2B38436F00B30A7A /* Sources */,
				90D1EE5D2B38436F00B30A7A /* Frameworks */,
				90D1EE5E2B38436F00B30A7A /* Resources */,
			);
			buildRules = (
			);
			dependencies = (
				90D1EE622B38436F00B30A7A /* PBXTargetDependency */,
			);
			name = SwiftAppUITests;
			productName = SwiftAppUITests;
			productReference = 90D1EE602B38436F00B30A7A /* SwiftAppUITests.xctest */;
			productType = "com.apple.product-type.bundle.ui-testing";
		};
/* End PBXNativeTarget section */

/* Begin PBXProject section */
		90D1EE382B38436C00B30A7A /* Project object */ = {
			isa = PBXProject;
			attributes = {
				BuildIndependentTargetsInParallel = 1;
				LastSwiftUpdateCheck = 1500;
				LastUpgradeCheck = 1500;
				TargetAttributes = {
					90D1EE3F2B38436C00B30A7A = {
						CreatedOnToolsVersion = 15.0.1;
					};
					90D1EE552B38436F00B30A7A = {
						CreatedOnToolsVersion = 15.0.1;
						TestTargetID = 90D1EE3F2B38436C00B30A7A;
					};
					90D1EE5F2B38436F00B30A7A = {
						CreatedOnToolsVersion = 15.0.1;
						TestTargetID = 90D1EE3F2B38436C00B30A7A;
					};
				};
			};
			buildConfigurationList = 90D1EE3B2B38436C00B30A7A /* Build configuration list for PBXProject "SwiftApp" */;
			compatibilityVersion = "Xcode 14.0";
			developmentRegion = en;
			hasScannedForEncodings = 0;
			knownRegions = (
				en,
				Base,
			);
			mainGroup = 90D1EE372B38436C00B30A7A;
			productRefGroup = 90D1EE412B38436C00B30A7A /* Products */;
			projectDirPath = "";
			projectRoot = "";
			targets = (
				90D1EE3F2B38436C00B30A7A /* SwiftApp */,
				90D1EE552B38436F00B30A7A /* SwiftAppTests */,
				90D1EE5F2B38436F00B30A7A /* SwiftAppUITests */,
			);
		};
/* End PBXProject section */

/* Begin PBXResourcesBuildPhase section */
		90D1EE3E2B38436C00B30A7A /* Resources */ = {
			isa = PBXResourcesBuildPhase;
			buildActionMask = 2147483647;
			files = (
				90D1EE502B38436F00B30A7A /* LaunchScreen.storyboard in Resources */,
				90D1EE4D2B38436F00B30A7A /* Assets.xcassets in Resources */,
				90D1EE4B2B38436C00B30A7A /* Main.storyboard in Resources */,
			);
			runOnlyForDeploymentPostprocessing = 0;
		};
		90D1EE542B38436F00B30A7A /* Resources */ = {
			isa = PBXResourcesBuildPhase;
			buildActionMask = 2147483647;
			files = (
			);
			runOnlyForDeploymentPostprocessing = 0;
		};
		90D1EE5E2B38436F00B30A7A /* Resources */ = {
			isa = PBXResourcesBuildPhase;
			buildActionMask = 2147483647;
			files = (
			);
			runOnlyForDeploymentPostprocessing = 0;
		};
/* End PBXResourcesBuildPhase section */

/* Begin PBXSourcesBuildPhase section */
		90D1EE3C2B38436C00B30A7A /* Sources */ = {
			isa = PBXSourcesBuildPhase;
			buildActionMask = 2147483647;
			files = (
				90D1EE482B38436C00B30A7A /* ViewController.swift in Sources */,
				90D1EE442B38436C00B30A7A /* AppDelegate.swift in Sources */,
				90D1EE462B38436C00B30A7A /* SceneDelegate.swift in Sources */,
			);
			runOnlyForDeploymentPostprocessing = 0;
		};
		90D1EE522B38436F00B30A7A /* Sources */ = {
			isa = PBXSourcesBuildPhase;
			buildActionMask = 2147483647;
			files = (
				90D1EE5B2B38436F00B30A7A /* SwiftAppTests.swift in Sources */,
			);
			runOnlyForDeploymentPostprocessing = 0;
		};
		90D1EE5C2B38436F00B30A7A /* Sources */ = {
			isa = PBXSourcesBuildPhase;
			buildActionMask = 2147483647;
			files = (
				90D1EE672B38436F00B30A7A /* SwiftAppUITestsLaunchTests.swift in Sources */,
				90D1EE652B38436F00B30A7A /* SwiftAppUITests.swift in Sources */,
			);
			runOnlyForDeploymentPostprocessing = 0;
		};
/* End PBXSourcesBuildPhase section */

/* Begin PBXTargetDependency section */
		90D1EE582B38436F00B30A7A /* PBXTargetDependency */ = {
			isa = PBXTargetDependency;
			target = 90D1EE3F2B38436C00B30A7A /* SwiftApp */;
			targetProxy = 90D1EE572B38436F00B30A7A /* PBXContainerItemProxy */;
		};
		90D1EE622B38436F00B30A7A /* PBXTargetDependency */ = {
			isa = PBXTargetDependency;
			target = 90D1EE3F2B38436C00B30A7A /* SwiftApp */;
			targetProxy = 90D1EE612B38436F00B30A7A /* PBXContainerItemProxy */;
		};
/* End PBXTargetDependency section */

/* Begin PBXVariantGroup section */
		90D1EE492B38436C00B30A7A /* Main.storyboard */ = {
			isa = PBXVariantGroup;
			children = (
				90D1EE4A2B38436C00B30A7A /* Base */,
			);
			name = Main.storyboard;
			sourceTree = "<group>";
		};
		90D1EE4E2B38436F00B30A7A /* LaunchScreen.storyboard */ = {
			isa = PBXVariantGroup;
			children = (
				90D1EE4F2B38436F00B30A7A /* Base */,
			);
			name = LaunchScreen.storyboard;
			sourceTree = "<group>";
		};
/* End PBXVariantGroup section */

/* Begin XCBuildConfiguration section */
		90D1EE682B38436F00B30A7A /* Debug */ = {
			isa = XCBuildConfiguration;
			buildSettings = {
				ALWAYS_SEARCH_USER_PATHS = NO;
				ASSETCATALOG_COMPILER_GENERATE_SWIFT_ASSET_SYMBOL_EXTENSIONS = YES;
				CLANG_ANALYZER_NONNULL = YES;
				CLANG_ANALYZER_NUMBER_OBJECT_CONVERSION = YES_AGGRESSIVE;
				CLANG_CXX_LANGUAGE_STANDARD = "gnu++20";
				CLANG_ENABLE_MODULES = YES;
				CLANG_ENABLE_OBJC_ARC = YES;
				CLANG_ENABLE_OBJC_WEAK = YES;
				CLANG_WARN_BLOCK_CAPTURE_AUTORELEASING = YES;
				CLANG_WARN_BOOL_CONVERSION = YES;
				CLANG_WARN_COMMA = YES;
				CLANG_WARN_CONSTANT_CONVERSION = YES;
				CLANG_WARN_DEPRECATED_OBJC_IMPLEMENTATIONS = YES;
				CLANG_WARN_DIRECT_OBJC_ISA_USAGE = YES_ERROR;
				CLANG_WARN_DOCUMENTATION_COMMENTS = YES;
				CLANG_WARN_EMPTY_BODY = YES;
				CLANG_WARN_ENUM_CONVERSION = YES;
				CLANG_WARN_INFINITE_RECURSION = YES;
				CLANG_WARN_INT_CONVERSION = YES;
				CLANG_WARN_NON_LITERAL_NULL_CONVERSION = YES;
				CLANG_WARN_OBJC_IMPLICIT_RETAIN_SELF = YES;
				CLANG_WARN_OBJC_LITERAL_CONVERSION = YES;
				CLANG_WARN_OBJC_ROOT_CLASS = YES_ERROR;
				CLANG_WARN_QUOTED_INCLUDE_IN_FRAMEWORK_HEADER = YES;
				CLANG_WARN_RANGE_LOOP_ANALYSIS = YES;
				CLANG_WARN_STRICT_PROTOTYPES = YES;
				CLANG_WARN_SUSPICIOUS_MOVE = YES;
				CLANG_WARN_UNGUARDED_AVAILABILITY = YES_AGGRESSIVE;
				CLANG_WARN_UNREACHABLE_CODE = YES;
				CLANG_WARN__DUPLICATE_METHOD_MATCH = YES;
				COPY_PHASE_STRIP = NO;
				DEBUG_INFORMATION_FORMAT = dwarf;
				ENABLE_STRICT_OBJC_MSGSEND = YES;
				ENABLE_TESTABILITY = YES;
				ENABLE_USER_SCRIPT_SANDBOXING = YES;
				GCC_C_LANGUAGE_STANDARD = gnu17;
				GCC_DYNAMIC_NO_PIC = NO;
				GCC_NO_COMMON_BLOCKS = YES;
				GCC_OPTIMIZATION_LEVEL = 0;
				GCC_PREPROCESSOR_DEFINITIONS = (
					"DEBUG=1",
					"$(inherited)",
				);
				GCC_WARN_64_TO_32_BIT_CONVERSION = YES;
				GCC_WARN_ABOUT_RETURN_TYPE = YES_ERROR;
				GCC_WARN_UNDECLARED_SELECTOR = YES;
				GCC_WARN_UNINITIALIZED_AUTOS = YES_AGGRESSIVE;
				GCC_WARN_UNUSED_FUNCTION = YES;
				GCC_WARN_UNUSED_VARIABLE = YES;
				IPHONEOS_DEPLOYMENT_TARGET = 17.0;
				LOCALIZATION_PREFERS_STRING_CATALOGS = YES;
				MTL_ENABLE_DEBUG_INFO = INCLUDE_SOURCE;
				MTL_FAST_MATH = YES;
				ONLY_ACTIVE_ARCH = YES;
				SDKROOT = iphoneos;
				SWIFT_ACTIVE_COMPILATION_CONDITIONS = "DEBUG $(inherited)";
				SWIFT_OPTIMIZATION_LEVEL = "-Onone";
			};
			name = Debug;
		};
		90D1EE692B38436F00B30A7A /* Release */ = {
			isa = XCBuildConfiguration;
			buildSettings = {
				ALWAYS_SEARCH_USER_PATHS = NO;
				ASSETCATALOG_COMPILER_GENERATE_SWIFT_ASSET_SYMBOL_EXTENSIONS = YES;
				CLANG_ANALYZER_NONNULL = YES;
				CLANG_ANALYZER_NUMBER_OBJECT_CONVERSION = YES_AGGRESSIVE;
				CLANG_CXX_LANGUAGE_STANDARD = "gnu++20";
				CLANG_ENABLE_MODULES = YES;
				CLANG_ENABLE_OBJC_ARC = YES;
				CLANG_ENABLE_OBJC_WEAK = YES;
				CLANG_WARN_BLOCK_CAPTURE_AUTORELEASING = YES;
				CLANG_WARN_BOOL_CONVERSION = YES;
				CLANG_WARN_COMMA = YES;
				CLANG_WARN_CONSTANT_CONVERSION = YES;
				CLANG_WARN_DEPRECATED_OBJC_IMPLEMENTATIONS = YES;
				CLANG_WARN_DIRECT_OBJC_ISA_USAGE = YES_ERROR;
				CLANG_WARN_DOCUMENTATION_COMMENTS = YES;
				CLANG_WARN_EMPTY_BODY = YES;
				CLANG_WARN_ENUM_CONVERSION = YES;
				CLANG_WARN_INFINITE_RECURSION = YES;
				CLANG_WARN_INT_CONVERSION = YES;
				CLANG_WARN_NON_LITERAL_NULL_CONVERSION = YES;
				CLANG_WARN_OBJC_IMPLICIT_RETAIN_SELF = YES;
				CLANG_WARN_OBJC_LITERAL_CONVERSION = YES;
				CLANG_WARN_OBJC_ROOT_CLASS = YES_ERROR;
				CLANG_WARN_QUOTED_INCLUDE_IN_FRAMEWORK_HEADER = YES;
				CLANG_WARN_RANGE_LOOP_ANALYSIS = YES;
				CLANG_WARN_STRICT_PROTOTYPES = YES;
				CLANG_WARN_SUSPICIOUS_MOVE = YES;
				CLANG_WARN_UNGUARDED_AVAILABILITY = YES_AGGRESSIVE;
				CLANG_WARN_UNREACHABLE_CODE = YES;
				CLANG_WARN__DUPLICATE_METHOD_MATCH = YES;
				COPY_PHASE_STRIP = NO;
				DEBUG_INFORMATION_FORMAT = "dwarf-with-dsym";
				ENABLE_NS_ASSERTIONS = NO;
				ENABLE_STRICT_OBJC_MSGSEND = YES;
				ENABLE_USER_SCRIPT_SANDBOXING = YES;
				GCC_C_LANGUAGE_STANDARD = gnu17;
				GCC_NO_COMMON_BLOCKS = YES;
				GCC_WARN_64_TO_32_BIT_CONVERSION = YES;
				GCC_WARN_ABOUT_RETURN_TYPE = YES_ERROR;
				GCC_WARN_UNDECLARED_SELECTOR = YES;
				GCC_WARN_UNINITIALIZED_AUTOS = YES_AGGRESSIVE;
				GCC_WARN_UNUSED_FUNCTION = YES;
				GCC_WARN_UNUSED_VARIABLE = YES;
				IPHONEOS_DEPLOYMENT_TARGET = 17.0;
				LOCALIZATION_PREFERS_STRING_CATALOGS = YES;
				MTL_ENABLE_DEBUG_INFO = NO;
				MTL_FAST_MATH = YES;
				SDKROOT = iphoneos;
				SWIFT_COMPILATION_MODE = wholemodule;
				VALIDATE_PRODUCT = YES;
			};
			name = Release;
		};
		90D1EE6B2B38436F00B30A7A /* Debug */ = {
			isa = XCBuildConfiguration;
			buildSettings = {
				ASSETCATALOG_COMPILER_APPICON_NAME = AppIcon;
				ASSETCATALOG_COMPILER_GLOBAL_ACCENT_COLOR_NAME = AccentColor;
				CODE_SIGN_STYLE = Automatic;
				CURRENT_PROJECT_VERSION = 1;
				DEVELOPMENT_TEAM = 7RQ3ZNAUYN;
				GENERATE_INFOPLIST_FILE = YES;
				INFOPLIST_FILE = SwiftApp/Info.plist;
				INFOPLIST_KEY_UIApplicationSupportsIndirectInputEvents = YES;
				INFOPLIST_KEY_UILaunchStoryboardName = LaunchScreen;
				INFOPLIST_KEY_UIMainStoryboardFile = Main;
				INFOPLIST_KEY_UISupportedInterfaceOrientations_iPad = "UIInterfaceOrientationPortrait UIInterfaceOrientationPortraitUpsideDown UIInterfaceOrientationLandscapeLeft UIInterfaceOrientationLandscapeRight";
				INFOPLIST_KEY_UISupportedInterfaceOrientations_iPhone = "UIInterfaceOrientationPortrait UIInterfaceOrientationLandscapeLeft UIInterfaceOrientationLandscapeRight";
				LD_RUNPATH_SEARCH_PATHS = (
					"$(inherited)",
					"@executable_path/Frameworks",
				);
				MARKETING_VERSION = 1.0;
				PRODUCT_BUNDLE_IDENTIFIER = com.practice.SwiftApp;
				PRODUCT_NAME = "$(TARGET_NAME)";
				SWIFT_EMIT_LOC_STRINGS = YES;
				SWIFT_VERSION = 5.0;
				TARGETED_DEVICE_FAMILY = "1,2";
			};
			name = Debug;
		};
		90D1EE6C2B38436F00B30A7A /* Release */ = {
			isa = XCBuildConfiguration;
			buildSettings = {
				ASSETCATALOG_COMPILER_APPICON_NAME = AppIcon;
				ASSETCATALOG_COMPILER_GLOBAL_ACCENT_COLOR_NAME = AccentColor;
				CODE_SIGN_STYLE = Automatic;
				CURRENT_PROJECT_VERSION = 1;
				DEVELOPMENT_TEAM = 7RQ3ZNAUYN;
				GENERATE_INFOPLIST_FILE = YES;
				INFOPLIST_FILE = SwiftApp/Info.plist;
				INFOPLIST_KEY_UIApplicationSupportsIndirectInputEvents = YES;
				INFOPLIST_KEY_UILaunchStoryboardName = LaunchScreen;
				INFOPLIST_KEY_UIMainStoryboardFile = Main;
				INFOPLIST_KEY_UISupportedInterfaceOrientations_iPad = "UIInterfaceOrientationPortrait UIInterfaceOrientationPortraitUpsideDown UIInterfaceOrientationLandscapeLeft UIInterfaceOrientationLandscapeRight";
				INFOPLIST_KEY_UISupportedInterfaceOrientations_iPhone = "UIInterfaceOrientationPortrait UIInterfaceOrientationLandscapeLeft UIInterfaceOrientationLandscapeRight";
				LD_RUNPATH_SEARCH_PATHS = (
					"$(inherited)",
					"@executable_path/Frameworks",
				);
				MARKETING_VERSION = 1.0;
				PRODUCT_BUNDLE_IDENTIFIER = com.practice.SwiftApp;
				PRODUCT_NAME = "$(TARGET_NAME)";
				SWIFT_EMIT_LOC_STRINGS = YES;
				SWIFT_VERSION = 5.0;
				TARGETED_DEVICE_FAMILY = "1,2";
			};
			name = Release;
		};
		90D1EE6E2B38436F00B30A7A /* Debug */ = {
			isa = XCBuildConfiguration;
			buildSettings = {
				ALWAYS_EMBED_SWIFT_STANDARD_LIBRARIES = YES;
				BUNDLE_LOADER = "$(TEST_HOST)";
				CODE_SIGN_STYLE = Automatic;
				CURRENT_PROJECT_VERSION = 1;
				DEVELOPMENT_TEAM = 7RQ3ZNAUYN;
				GENERATE_INFOPLIST_FILE = YES;
				IPHONEOS_DEPLOYMENT_TARGET = 17.0;
				MARKETING_VERSION = 1.0;
				PRODUCT_BUNDLE_IDENTIFIER = com.practice.SwiftAppTests;
				PRODUCT_NAME = "$(TARGET_NAME)";
				SWIFT_EMIT_LOC_STRINGS = NO;
				SWIFT_VERSION = 5.0;
				TARGETED_DEVICE_FAMILY = "1,2";
				TEST_HOST = "$(BUILT_PRODUCTS_DIR)/SwiftApp.app/$(BUNDLE_EXECUTABLE_FOLDER_PATH)/SwiftApp";
			};
			name = Debug;
		};
		90D1EE6F2B38436F00B30A7A /* Release */ = {
			isa = XCBuildConfiguration;
			buildSettings = {
				ALWAYS_EMBED_SWIFT_STANDARD_LIBRARIES = YES;
				BUNDLE_LOADER = "$(TEST_HOST)";
				CODE_SIGN_STYLE = Automatic;
				CURRENT_PROJECT_VERSION = 1;
				DEVELOPMENT_TEAM = 7RQ3ZNAUYN;
				GENERATE_INFOPLIST_FILE = YES;
				IPHONEOS_DEPLOYMENT_TARGET = 17.0;
				MARKETING_VERSION = 1.0;
				PRODUCT_BUNDLE_IDENTIFIER = com.practice.SwiftAppTests;
				PRODUCT_NAME = "$(TARGET_NAME)";
				SWIFT_EMIT_LOC_STRINGS = NO;
				SWIFT_VERSION = 5.0;
				TARGETED_DEVICE_FAMILY = "1,2";
				TEST_HOST = "$(BUILT_PRODUCTS_DIR)/SwiftApp.app/$(BUNDLE_EXECUTABLE_FOLDER_PATH)/SwiftApp";
			};
			name = Release;
		};
		90D1EE712B38436F00B30A7A /* Debug */ = {
			isa = XCBuildConfiguration;
			buildSettings = {
				ALWAYS_EMBED_SWIFT_STANDARD_LIBRARIES = YES;
				CODE_SIGN_STYLE = Automatic;
				CURRENT_PROJECT_VERSION = 1;
				DEVELOPMENT_TEAM = 7RQ3ZNAUYN;
				GENERATE_INFOPLIST_FILE = YES;
				MARKETING_VERSION = 1.0;
				PRODUCT_BUNDLE_IDENTIFIER = com.practice.SwiftAppUITests;
				PRODUCT_NAME = "$(TARGET_NAME)";
				SWIFT_EMIT_LOC_STRINGS = NO;
				SWIFT_VERSION = 5.0;
				TARGETED_DEVICE_FAMILY = "1,2";
				TEST_TARGET_NAME = SwiftApp;
			};
			name = Debug;
		};
		90D1EE722B38436F00B30A7A /* Release */ = {
			isa = XCBuildConfiguration;
			buildSettings = {
				ALWAYS_EMBED_SWIFT_STANDARD_LIBRARIES = YES;
				CODE_SIGN_STYLE = Automatic;
				CURRENT_PROJECT_VERSION = 1;
				DEVELOPMENT_TEAM = 7RQ3ZNAUYN;
				GENERATE_INFOPLIST_FILE = YES;
				MARKETING_VERSION = 1.0;
				PRODUCT_BUNDLE_IDENTIFIER = com.practice.SwiftAppUITests;
				PRODUCT_NAME = "$(TARGET_NAME)";
				SWIFT_EMIT_LOC_STRINGS = NO;
				SWIFT_VERSION = 5.0;
				TARGETED_DEVICE_FAMILY = "1,2";
				TEST_TARGET_NAME = SwiftApp;
			};
			name = Release;
		};
/* End XCBuildConfiguration section */

/* Begin XCConfigurationList section */
		90D1EE3B2B38436C00B30A7A /* Build configuration list for PBXProject "SwiftApp" */ = {
			isa = XCConfigurationList;
			buildConfigurations = (
				90D1EE682B38436F00B30A7A /* Debug */,
				90D1EE692B38436F00B30A7A /* Release */,
			);
			defaultConfigurationIsVisible = 0;
			defaultConfigurationName = Release;
		};
		90D1EE6A2B38436F00B30A7A /* Build configuration list for PBXNativeTarget "SwiftApp" */ = {
			isa = XCConfigurationList;
			buildConfigurations = (
				90D1EE6B2B38436F00B30A7A /* Debug */,
				90D1EE6C2B38436F00B30A7A /* Release */,
			);
			defaultConfigurationIsVisible = 0;
			defaultConfigurationName = Release;
		};
		90D1EE6D2B38436F00B30A7A /* Build configuration list for PBXNativeTarget "SwiftAppTests" */ = {
			isa = XCConfigurationList;
			buildConfigurations = (
				90D1EE6E2B38436F00B30A7A /* Debug */,
				90D1EE6F2B38436F00B30A7A /* Release */,
			);
			defaultConfigurationIsVisible = 0;
			defaultConfigurationName = Release;
		};
		90D1EE702B38436F00B30A7A /* Build configuration list for PBXNativeTarget "SwiftAppUITests" */ = {
			isa = XCConfigurationList;
			buildConfigurations = (
				90D1EE712B38436F00B30A7A /* Debug */,
				90D1EE722B38436F00B30A7A /* Release */,
			);
			defaultConfigurationIsVisible = 0;
			defaultConfigurationName = Release;
		};
/* End XCConfigurationList section */
	};
	rootObject = 90D1EE382B38436C00B30A7A /* Project object */;
}
